
Microsoft Visual Studio Solution File, Format Version 12.00
# Visual Studio 14
VisualStudioVersion = 14.0.25420.1
MinimumVisualStudioVersion = 10.0.40219.1
Project("{FAE04EC0-301F-11D3-BF4B-00C04F79EFBC}") = "Mathematics.Application", "Mathematics.Application\Mathematics.Application.csproj", "{C0B6259F-4395-4DDB-B5E1-CD7676685D38}"
EndProject
Project("{FAE04EC0-301F-11D3-BF4B-00C04F79EFBC}") = "Mathematics.ConsoleApp", "Mathematics.ConsoleApp\Mathematics.ConsoleApp.csproj", "{61AE701D-3C7A-4752-8143-49739A3FE83A}"
EndProject
Project("{FAE04EC0-301F-11D3-BF4B-00C04F79EFBC}") = "Mathematics.Tests", "Mathematics.Tests\Mathematics.Tests.csproj", "{4DD8F8CD-AEB6-4DB6-BDA2-33CD71DD15C1}"
EndProject
Project("{FAE04EC0-301F-11D3-BF4B-00C04F79EFBC}") = "Mathematics.Web", "Mathematics.Web\Mathematics.Web.csproj", "{1F5885BD-C6EE-4FA2-86C6-015767BD1E67}"
EndProject
Project("{FAE04EC0-301F-11D3-BF4B-00C04F79EFBC}") = "Mathematics.Infrastructure", "Mathematics.Infrastructure\Mathematics.Infrastructure.csproj", "{69DEBDE6-B1BA-4A55-9570-AE7E6ABB5F98}"
EndProject
Global
	GlobalSection(SolutionConfigurationPlatforms) = preSolution
		Debug|Any CPU = Debug|Any CPU
		Debug|ARM = Debug|ARM
		Debug|x64 = Debug|x64
		Debug|x86 = Debug|x86
		Release|Any CPU = Release|Any CPU
		Release|ARM = Release|ARM
		Release|x64 = Release|x64
		Release|x86 = Release|x86
	EndGlobalSection
	GlobalSection(ProjectConfigurationPlatforms) = postSolution
		{C0B6259F-4395-4DDB-B5E1-CD7676685D38}.Debug|Any CPU.ActiveCfg = Debug|Any CPU
		{C0B6259F-4395-4DDB-B5E1-CD7676685D38}.Debug|Any CPU.Build.0 = Debug|Any CPU
		{C0B6259F-4395-4DDB-B5E1-CD7676685D38}.Debug|ARM.ActiveCfg = Debug|Any CPU
		{C0B6259F-4395-4DDB-B5E1-CD7676685D38}.Debug|ARM.Build.0 = Debug|Any CPU
		{C0B6259F-4395-4DDB-B5E1-CD7676685D38}.Debug|x64.ActiveCfg = Debug|Any CPU
		{C0B6259F-4395-4DDB-B5E1-CD7676685D38}.Debug|x64.Build.0 = Debug|Any CPU
		{C0B6259F-4395-4DDB-B5E1-CD7676685D38}.Debug|x86.ActiveCfg = Debug|Any CPU
		{C0B6259F-4395-4DDB-B5E1-CD7676685D38}.Debug|x86.Build.0 = Debug|Any CPU
		{C0B6259F-4395-4DDB-B5E1-CD7676685D38}.Release|Any CPU.ActiveCfg = Release|Any CPU
		{C0B6259F-4395-4DDB-B5E1-CD7676685D38}.Release|Any CPU.Build.0 = Release|Any CPU
		{C0B6259F-4395-4DDB-B5E1-CD7676685D38}.Release|ARM.ActiveCfg = Release|Any CPU
		{C0B6259F-4395-4DDB-B5E1-CD7676685D38}.Release|ARM.Build.0 = Release|Any CPU
		{C0B6259F-4395-4DDB-B5E1-CD7676685D38}.Release|x64.ActiveCfg = Release|Any CPU
		{C0B6259F-4395-4DDB-B5E1-CD7676685D38}.Release|x64.Build.0 = Release|Any CPU
		{C0B6259F-4395-4DDB-B5E1-CD7676685D38}.Release|x86.ActiveCfg = Release|Any CPU
		{C0B6259F-4395-4DDB-B5E1-CD7676685D38}.Release|x86.Build.0 = Release|Any CPU
		{61AE701D-3C7A-4752-8143-49739A3FE83A}.Debug|Any CPU.ActiveCfg = Debug|Any CPU
		{61AE701D-3C7A-4752-8143-49739A3FE83A}.Debug|Any CPU.Build.0 = Debug|Any CPU
		{61AE701D-3C7A-4752-8143-49739A3FE83A}.Debug|ARM.ActiveCfg = Debug|Any CPU
		{61AE701D-3C7A-4752-8143-49739A3FE83A}.Debug|ARM.Build.0 = Debug|Any CPU
		{61AE701D-3C7A-4752-8143-49739A3FE83A}.Debug|x64.ActiveCfg = Debug|Any CPU
		{61AE701D-3C7A-4752-8143-49739A3FE83A}.Debug|x64.Build.0 = Debug|Any CPU
		{61AE701D-3C7A-4752-8143-49739A3FE83A}.Debug|x86.ActiveCfg = Debug|Any CPU
		{61AE701D-3C7A-4752-8143-49739A3FE83A}.Debug|x86.Build.0 = Debug|Any CPU
		{61AE701D-3C7A-4752-8143-49739A3FE83A}.Release|Any CPU.ActiveCfg = Release|Any CPU
		{61AE701D-3C7A-4752-8143-49739A3FE83A}.Release|Any CPU.Build.0 = Release|Any CPU
		{61AE701D-3C7A-4752-8143-49739A3FE83A}.Release|ARM.ActiveCfg = Release|Any CPU
		{61AE701D-3C7A-4752-8143-49739A3FE83A}.Release|ARM.Build.0 = Release|Any CPU
		{61AE701D-3C7A-4752-8143-49739A3FE83A}.Release|x64.ActiveCfg = Release|Any CPU
		{61AE701D-3C7A-4752-8143-49739A3FE83A}.Release|x64.Build.0 = Release|Any CPU
		{61AE701D-3C7A-4752-8143-49739A3FE83A}.Release|x86.ActiveCfg = Release|Any CPU
		{61AE701D-3C7A-4752-8143-49739A3FE83A}.Release|x86.Build.0 = Release|Any CPU
		{4DD8F8CD-AEB6-4DB6-BDA2-33CD71DD15C1}.Debug|Any CPU.ActiveCfg = Debug|Any CPU
		{4DD8F8CD-AEB6-4DB6-BDA2-33CD71DD15C1}.Debug|Any CPU.Build.0 = Debug|Any CPU
		{4DD8F8CD-AEB6-4DB6-BDA2-33CD71DD15C1}.Debug|ARM.ActiveCfg = Debug|Any CPU
		{4DD8F8CD-AEB6-4DB6-BDA2-33CD71DD15C1}.Debug|ARM.Build.0 = Debug|Any CPU
		{4DD8F8CD-AEB6-4DB6-BDA2-33CD71DD15C1}.Debug|x64.ActiveCfg = Debug|Any CPU
		{4DD8F8CD-AEB6-4DB6-BDA2-33CD71DD15C1}.Debug|x64.Build.0 = Debug|Any CPU
		{4DD8F8CD-AEB6-4DB6-BDA2-33CD71DD15C1}.Debug|x86.ActiveCfg = Debug|Any CPU
		{4DD8F8CD-AEB6-4DB6-BDA2-33CD71DD15C1}.Debug|x86.Build.0 = Debug|Any CPU
		{4DD8F8CD-AEB6-4DB6-BDA2-33CD71DD15C1}.Release|Any CPU.ActiveCfg = Release|Any CPU
		{4DD8F8CD-AEB6-4DB6-BDA2-33CD71DD15C1}.Release|Any CPU.Build.0 = Release|Any CPU
		{4DD8F8CD-AEB6-4DB6-BDA2-33CD71DD15C1}.Release|ARM.ActiveCfg = Release|Any CPU
		{4DD8F8CD-AEB6-4DB6-BDA2-33CD71DD15C1}.Release|ARM.Build.0 = Release|Any CPU
		{4DD8F8CD-AEB6-4DB6-BDA2-33CD71DD15C1}.Release|x64.ActiveCfg = Release|Any CPU
		{4DD8F8CD-AEB6-4DB6-BDA2-33CD71DD15C1}.Release|x64.Build.0 = Release|Any CPU
		{4DD8F8CD-AEB6-4DB6-BDA2-33CD71DD15C1}.Release|x86.ActiveCfg = Release|Any CPU
		{4DD8F8CD-AEB6-4DB6-BDA2-33CD71DD15C1}.Release|x86.Build.0 = Release|Any CPU
		{1F5885BD-C6EE-4FA2-86C6-015767BD1E67}.Debug|Any CPU.ActiveCfg = Debug|Any CPU
		{1F5885BD-C6EE-4FA2-86C6-015767BD1E67}.Debug|Any CPU.Build.0 = Debug|Any CPU
		{1F5885BD-C6EE-4FA2-86C6-015767BD1E67}.Debug|ARM.ActiveCfg = Debug|Any CPU
		{1F5885BD-C6EE-4FA2-86C6-015767BD1E67}.Debug|ARM.Build.0 = Debug|Any CPU
		{1F5885BD-C6EE-4FA2-86C6-015767BD1E67}.Debug|x64.ActiveCfg = Debug|Any CPU
		{1F5885BD-C6EE-4FA2-86C6-015767BD1E67}.Debug|x64.Build.0 = Debug|Any CPU
		{1F5885BD-C6EE-4FA2-86C6-015767BD1E67}.Debug|x86.ActiveCfg = Debug|Any CPU
		{1F5885BD-C6EE-4FA2-86C6-015767BD1E67}.Debug|x86.Build.0 = Debug|Any CPU
		{1F5885BD-C6EE-4FA2-86C6-015767BD1E67}.Release|Any CPU.ActiveCfg = Release|Any CPU
		{1F5885BD-C6EE-4FA2-86C6-015767BD1E67}.Release|Any CPU.Build.0 = Release|Any CPU
		{1F5885BD-C6EE-4FA2-86C6-015767BD1E67}.Release|ARM.ActiveCfg = Release|Any CPU
		{1F5885BD-C6EE-4FA2-86C6-015767BD1E67}.Release|ARM.Build.0 = Release|Any CPU
		{1F5885BD-C6EE-4FA2-86C6-015767BD1E67}.Release|x64.ActiveCfg = Release|Any CPU
		{1F5885BD-C6EE-4FA2-86C6-015767BD1E67}.Release|x64.Build.0 = Release|Any CPU
		{1F5885BD-C6EE-4FA2-86C6-015767BD1E67}.Release|x86.ActiveCfg = Release|Any CPU
		{1F5885BD-C6EE-4FA2-86C6-015767BD1E67}.Release|x86.Build.0 = Release|Any CPU
		{69DEBDE6-B1BA-4A55-9570-AE7E6ABB5F98}.Debug|Any CPU.ActiveCfg = Debug|Any CPU
		{69DEBDE6-B1BA-4A55-9570-AE7E6ABB5F98}.Debug|Any CPU.Build.0 = Debug|Any CPU
		{69DEBDE6-B1BA-4A55-9570-AE7E6ABB5F98}.Debug|ARM.ActiveCfg = Debug|Any CPU
		{69DEBDE6-B1BA-4A55-9570-AE7E6ABB5F98}.Debug|ARM.Build.0 = Debug|Any CPU
		{69DEBDE6-B1BA-4A55-9570-AE7E6ABB5F98}.Debug|x64.ActiveCfg = Debug|Any CPU
		{69DEBDE6-B1BA-4A55-9570-AE7E6ABB5F98}.Debug|x64.Build.0 = Debug|Any CPU
		{69DEBDE6-B1BA-4A55-9570-AE7E6ABB5F98}.Debug|x86.ActiveCfg = Debug|Any CPU
		{69DEBDE6-B1BA-4A55-9570-AE7E6ABB5F98}.Debug|x86.Build.0 = Debug|Any CPU
		{69DEBDE6-B1BA-4A55-9570-AE7E6ABB5F98}.Release|Any CPU.ActiveCfg = Release|Any CPU
		{69DEBDE6-B1BA-4A55-9570-AE7E6ABB5F98}.Release|Any CPU.Build.0 = Release|Any CPU
		{69DEBDE6-B1BA-4A55-9570-AE7E6ABB5F98}.Release|ARM.ActiveCfg = Release|Any CPU
		{69DEBDE6-B1BA-4A55-9570-AE7E6ABB5F98}.Release|ARM.Build.0 = Release|Any CPU
		{69DEBDE6-B1BA-4A55-9570-AE7E6ABB5F98}.Release|x64.ActiveCfg = Release|Any CPU
		{69DEBDE6-B1BA-4A55-9570-AE7E6ABB5F98}.Release|x64.Build.0 = Release|Any CPU
		{69DEBDE6-B1BA-4A55-9570-AE7E6ABB5F98}.Release|x86.ActiveCfg = Release|Any CPU
		{69DEBDE6-B1BA-4A55-9570-AE7E6ABB5F98}.Release|x86.Build.0 = Release|Any CPU
	EndGlobalSection
	GlobalSection(SolutionProperties) = preSolution
		HideSolutionNode = FALSE
	EndGlobalSection
EndGlobal
